
Microsoft Visual Studio Solution File, Format Version 12.00
# Visual Studio Version 17
VisualStudioVersion = 17.6.33712.159
MinimumVisualStudioVersion = 10.0.40219.1
Project("{FAE04EC0-301F-11D3-BF4B-00C04F79EFBC}") = "generación de vectores", "generación de vectores\generación de vectores.csproj", "{81AC6E72-A89F-4624-82AA-422624C3A167}"
EndProject
Global
	GlobalSection(SolutionConfigurationPlatforms) = preSolution
		Debug|Any CPU = Debug|Any CPU
		Release|Any CPU = Release|Any CPU
	EndGlobalSection
	GlobalSection(ProjectConfigurationPlatforms) = postSolution
		{81AC6E72-A89F-4624-82AA-422624C3A167}.Debug|Any CPU.ActiveCfg = Debug|Any CPU
		{81AC6E72-A89F-4624-82AA-422624C3A167}.Debug|Any CPU.Build.0 = Debug|Any CPU
		{81AC6E72-A89F-4624-82AA-422624C3A167}.Release|Any CPU.ActiveCfg = Release|Any CPU
		{81AC6E72-A89F-4624-82AA-422624C3A167}.Release|Any CPU.Build.0 = Release|Any CPU
	EndGlobalSection
	GlobalSection(SolutionProperties) = preSolution
		HideSolutionNode = FALSE
	EndGlobalSection
	GlobalSection(ExtensibilityGlobals) = postSolution
		SolutionGuid = {098D83B2-88A7-476E-8ACF-04C52E9001B7}
	EndGlobalSection
EndGlobal
